
Microsoft Visual Studio Solution File, Format Version 12.00
# Visual Studio Version 16
VisualStudioVersion = 16.0.31729.503
MinimumVisualStudioVersion = 10.0.40219.1
Project("{8BC9CEB8-8B4A-11D0-8D11-00A0C91BC942}") = "WINAPI_Project", "WINAPI_Project\WINAPI_Project.vcxproj", "{AFF4C5E7-F3FF-4211-824C-FA55C807DC85}"
EndProject
Project("{8BC9CEB8-8B4A-11D0-8D11-00A0C91BC942}") = "C_Project", "MainProject\MainProject.vcxproj", "{AFEE7042-72B9-4281-A4A8-B543B8367B2C}"
EndProject
Project("{8BC9CEB8-8B4A-11D0-8D11-00A0C91BC942}") = "DLL_Project", "DLL_Project\DLL_Project.vcxproj", "{1A022338-1056-48BF-B64A-7467A4CC6E7E}"
EndProject
Global
	GlobalSection(SolutionConfigurationPlatforms) = preSolution
		Debug|x64 = Debug|x64
		Debug|x86 = Debug|x86
		Release|x64 = Release|x64
		Release|x86 = Release|x86
	EndGlobalSection
	GlobalSection(ProjectConfigurationPlatforms) = postSolution
		{AFF4C5E7-F3FF-4211-824C-FA55C807DC85}.Debug|x64.ActiveCfg = Debug|x64
		{AFF4C5E7-F3FF-4211-824C-FA55C807DC85}.Debug|x64.Build.0 = Debug|x64
		{AFF4C5E7-F3FF-4211-824C-FA55C807DC85}.Debug|x86.ActiveCfg = Debug|Win32
		{AFF4C5E7-F3FF-4211-824C-FA55C807DC85}.Debug|x86.Build.0 = Debug|Win32
		{AFF4C5E7-F3FF-4211-824C-FA55C807DC85}.Release|x64.ActiveCfg = Release|x64
		{AFF4C5E7-F3FF-4211-824C-FA55C807DC85}.Release|x64.Build.0 = Release|x64
		{AFF4C5E7-F3FF-4211-824C-FA55C807DC85}.Release|x86.ActiveCfg = Release|Win32
		{AFF4C5E7-F3FF-4211-824C-FA55C807DC85}.Release|x86.Build.0 = Release|Win32
		{AFEE7042-72B9-4281-A4A8-B543B8367B2C}.Debug|x64.ActiveCfg = Debug|x64
		{AFEE7042-72B9-4281-A4A8-B543B8367B2C}.Debug|x64.Build.0 = Debug|x64
		{AFEE7042-72B9-4281-A4A8-B543B8367B2C}.Debug|x86.ActiveCfg = Debug|Win32
		{AFEE7042-72B9-4281-A4A8-B543B8367B2C}.Debug|x86.Build.0 = Debug|Win32
		{AFEE7042-72B9-4281-A4A8-B543B8367B2C}.Release|x64.ActiveCfg = Release|x64
		{AFEE7042-72B9-4281-A4A8-B543B8367B2C}.Release|x64.Build.0 = Release|x64
		{AFEE7042-72B9-4281-A4A8-B543B8367B2C}.Release|x86.ActiveCfg = Release|Win32
		{AFEE7042-72B9-4281-A4A8-B543B8367B2C}.Release|x86.Build.0 = Release|Win32
		{1A022338-1056-48BF-B64A-7467A4CC6E7E}.Debug|x64.ActiveCfg = Debug|x64
		{1A022338-1056-48BF-B64A-7467A4CC6E7E}.Debug|x64.Build.0 = Debug|x64
		{1A022338-1056-48BF-B64A-7467A4CC6E7E}.Debug|x86.ActiveCfg = Debug|Win32
		{1A022338-1056-48BF-B64A-7467A4CC6E7E}.Debug|x86.Build.0 = Debug|Win32
		{1A022338-1056-48BF-B64A-7467A4CC6E7E}.Release|x64.ActiveCfg = Release|x64
		{1A022338-1056-48BF-B64A-7467A4CC6E7E}.Release|x64.Build.0 = Release|x64
		{1A022338-1056-48BF-B64A-7467A4CC6E7E}.Release|x86.ActiveCfg = Release|Win32
		{1A022338-1056-48BF-B64A-7467A4CC6E7E}.Release|x86.Build.0 = Release|Win32
	EndGlobalSection
	GlobalSection(SolutionProperties) = preSolution
		HideSolutionNode = FALSE
	EndGlobalSection
	GlobalSection(ExtensibilityGlobals) = postSolution
		SolutionGuid = {CEA0BA67-6A5A-4152-AD64-7F3A7FF5AFA8}
	EndGlobalSection
EndGlobal
